
Microsoft Visual Studio Solution File, Format Version 12.00
# Visual Studio 15
VisualStudioVersion = 15.0.26124.0
MinimumVisualStudioVersion = 15.0.26124.0
Project("{2150E333-8FDC-42A3-9474-1A3956D46DE8}") = "src", "src", "{E393E185-2C82-44DD-8B02-58C8DA4E1ED7}"
EndProject
Project("{2150E333-8FDC-42A3-9474-1A3956D46DE8}") = "root", "root", "{26D17125-4933-4486-9868-BDFF3504913C}"
ProjectSection(SolutionItems) = preProject
	global.json = global.json
	.gitignore = .gitignore
	LICENSE = LICENSE
EndProjectSection
EndProject
Project("{F2A71F9B-5D33-465A-A702-920D77279786}") = "Giraffe.Website", "src\Giraffe.Website\Giraffe.Website.fsproj", "{6A1F9906-64C1-42C8-852D-0850A326A199}"
EndProject
Global
	GlobalSection(SolutionConfigurationPlatforms) = preSolution
		Debug|Any CPU = Debug|Any CPU
		Debug|x64 = Debug|x64
		Debug|x86 = Debug|x86
		Release|Any CPU = Release|Any CPU
		Release|x64 = Release|x64
		Release|x86 = Release|x86
	EndGlobalSection
	GlobalSection(SolutionProperties) = preSolution
		HideSolutionNode = FALSE
	EndGlobalSection
	GlobalSection(NestedProjects) = preSolution
		{6A1F9906-64C1-42C8-852D-0850A326A199} = {E393E185-2C82-44DD-8B02-58C8DA4E1ED7}
	EndGlobalSection
	GlobalSection(ProjectConfigurationPlatforms) = postSolution
		{6A1F9906-64C1-42C8-852D-0850A326A199}.Debug|Any CPU.ActiveCfg = Debug|Any CPU
		{6A1F9906-64C1-42C8-852D-0850A326A199}.Debug|Any CPU.Build.0 = Debug|Any CPU
		{6A1F9906-64C1-42C8-852D-0850A326A199}.Debug|x64.ActiveCfg = Debug|Any CPU
		{6A1F9906-64C1-42C8-852D-0850A326A199}.Debug|x64.Build.0 = Debug|Any CPU
		{6A1F9906-64C1-42C8-852D-0850A326A199}.Debug|x86.ActiveCfg = Debug|Any CPU
		{6A1F9906-64C1-42C8-852D-0850A326A199}.Debug|x86.Build.0 = Debug|Any CPU
		{6A1F9906-64C1-42C8-852D-0850A326A199}.Release|Any CPU.ActiveCfg = Release|Any CPU
		{6A1F9906-64C1-42C8-852D-0850A326A199}.Release|Any CPU.Build.0 = Release|Any CPU
		{6A1F9906-64C1-42C8-852D-0850A326A199}.Release|x64.ActiveCfg = Release|Any CPU
		{6A1F9906-64C1-42C8-852D-0850A326A199}.Release|x64.Build.0 = Release|Any CPU
		{6A1F9906-64C1-42C8-852D-0850A326A199}.Release|x86.ActiveCfg = Release|Any CPU
		{6A1F9906-64C1-42C8-852D-0850A326A199}.Release|x86.Build.0 = Release|Any CPU
	EndGlobalSection
EndGlobal
